
Microsoft Visual Studio Solution File, Format Version 12.00
# Visual Studio Version 16
VisualStudioVersion = 16.0.30523.141
MinimumVisualStudioVersion = 10.0.40219.1
Project("{FAE04EC0-301F-11D3-BF4B-00C04F79EFBC}") = "Почта", "Почта\Почта.csproj", "{78FBCA67-C400-4510-8285-CFB3E8A253E1}"
EndProject
Global
	GlobalSection(SolutionConfigurationPlatforms) = preSolution
		Debug|Any CPU = Debug|Any CPU
		Release|Any CPU = Release|Any CPU
	EndGlobalSection
	GlobalSection(ProjectConfigurationPlatforms) = postSolution
		{78FBCA67-C400-4510-8285-CFB3E8A253E1}.Debug|Any CPU.ActiveCfg = Debug|Any CPU
		{78FBCA67-C400-4510-8285-CFB3E8A253E1}.Debug|Any CPU.Build.0 = Debug|Any CPU
		{78FBCA67-C400-4510-8285-CFB3E8A253E1}.Release|Any CPU.ActiveCfg = Release|Any CPU
		{78FBCA67-C400-4510-8285-CFB3E8A253E1}.Release|Any CPU.Build.0 = Release|Any CPU
	EndGlobalSection
	GlobalSection(SolutionProperties) = preSolution
		HideSolutionNode = FALSE
	EndGlobalSection
	GlobalSection(ExtensibilityGlobals) = postSolution
		SolutionGuid = {2C0FB2BB-F0EE-41E1-A5C7-50B71167031D}
	EndGlobalSection
EndGlobal
